
Microsoft Visual Studio Solution File, Format Version 12.00
# Visual Studio 14
VisualStudioVersion = 14.0.24720.0
MinimumVisualStudioVersion = 10.0.40219.1
Project("{FAE04EC0-301F-11D3-BF4B-00C04F79EFBC}") = "FleeingButton", "FleeingButton\FleeingButton.csproj", "{73EDA22C-D191-476F-BC39-4F524782BBFA}"
EndProject
Global
	GlobalSection(SolutionConfigurationPlatforms) = preSolution
		Debug|Any CPU = Debug|Any CPU
		Release|Any CPU = Release|Any CPU
	EndGlobalSection
	GlobalSection(ProjectConfigurationPlatforms) = postSolution
		{73EDA22C-D191-476F-BC39-4F524782BBFA}.Debug|Any CPU.ActiveCfg = Debug|Any CPU
		{73EDA22C-D191-476F-BC39-4F524782BBFA}.Debug|Any CPU.Build.0 = Debug|Any CPU
		{73EDA22C-D191-476F-BC39-4F524782BBFA}.Release|Any CPU.ActiveCfg = Release|Any CPU
		{73EDA22C-D191-476F-BC39-4F524782BBFA}.Release|Any CPU.Build.0 = Release|Any CPU
	EndGlobalSection
	GlobalSection(SolutionProperties) = preSolution
		HideSolutionNode = FALSE
	EndGlobalSection
EndGlobal
